{
  "object": {
    "pins": [
      {
        "package": "SwiftUIKit",
        "repositoryURL": "https://github.com/oneleif/SwiftUIKit",
        "state": {
          "branch": "feature/TableView",
          "revision": "13a04ff7d0b9590e393cfbed7d9b855274a71361",
          "version": null
        }
      }
    ]
  },
  "version": 1
}
