{
  "object": {
    "pins": [
      {
        "package": "SwiftUIKit",
        "repositoryURL": "https://github.com/oneleif/SwiftUIKit",
        "state": {
          "branch": "develop",
          "revision": "6fee65e3b0c0f99354e2abfbc499af6240f9e57d",
          "version": null
        }
      }
    ]
  },
  "version": 1
}
