{
  "object": {
    "pins": [
      {
        "package": "SwiftUIKit",
        "repositoryURL": "https://github.com/0xLeif/SwiftUIKit",
        "state": {
          "branch": "feature/tableViewDataSourceMethods",
          "revision": "a256396aaeddc9ec5e83ac2fee2792a7b4670864",
          "version": null
        }
      }
    ]
  },
  "version": 1
}
