// !$*UTF8*$!
{
	archiveVersion = 1;
	classes = {
	};
	objectVersion = 52;
	objects = {

/* Begin PBXBuildFile section */
		29AACAC22447F61D001CE1CC /* AppDelegate.swift in Sources */ = {isa = PBXBuildFile; fileRef = 29AACAC12447F61D001CE1CC /* AppDelegate.swift */; };
		29AACAC42447F61D001CE1CC /* SceneDelegate.swift in Sources */ = {isa = PBXBuildFile; fileRef = 29AACAC32447F61D001CE1CC /* SceneDelegate.swift */; };
		29AACAC62447F61D001CE1CC /* ViewController.swift in Sources */ = {isa = PBXBuildFile; fileRef = 29AACAC52447F61D001CE1CC /* ViewController.swift */; };
		29AACAC92447F61D001CE1CC /* Main.storyboard in Resources */ = {isa = PBXBuildFile; fileRef = 29AACAC72447F61D001CE1CC /* Main.storyboard */; };
		29AACACB2447F61F001CE1CC /* Assets.xcassets in Resources */ = {isa = PBXBuildFile; fileRef = 29AACACA2447F61F001CE1CC /* Assets.xcassets */; };
		29AACACE2447F61F001CE1CC /* LaunchScreen.storyboard in Resources */ = {isa = PBXBuildFile; fileRef = 29AACACC2447F61F001CE1CC /* LaunchScreen.storyboard */; };
		29FBB986244E6E5000380521 /* SwiftUIKit in Frameworks */ = {isa = PBXBuildFile; productRef = 29FBB985244E6E5000380521 /* SwiftUIKit */; };
/* End PBXBuildFile section */

/* Begin PBXFileReference section */
		29AACABE2447F61D001CE1CC /* TableGrounds.app */ = {isa = PBXFileReference; explicitFileType = wrapper.application; includeInIndex = 0; path = TableGrounds.app; sourceTree = BUILT_PRODUCTS_DIR; };
		29AACAC12447F61D001CE1CC /* AppDelegate.swift */ = {isa = PBXFileReference; lastKnownFileType = sourcecode.swift; path = AppDelegate.swift; sourceTree = "<group>"; };
		29AACAC32447F61D001CE1CC /* SceneDelegate.swift */ = {isa = PBXFileReference; lastKnownFileType = sourcecode.swift; path = SceneDelegate.swift; sourceTree = "<group>"; };
		29AACAC52447F61D001CE1CC /* ViewController.swift */ = {isa = PBXFileReference; lastKnownFileType = sourcecode.swift; path = ViewController.swift; sourceTree = "<group>"; };
		29AACAC82447F61D001CE1CC /* Base */ = {isa = PBXFileReference; lastKnownFileType = file.storyboard; name = Base; path = Base.lproj/Main.storyboard; sourceTree = "<group>"; };
		29AACACA2447F61F001CE1CC /* Assets.xcassets */ = {isa = PBXFileReference; lastKnownFileType = folder.assetcatalog; path = Assets.xcassets; sourceTree = "<group>"; };
		29AACACD2447F61F001CE1CC /* Base */ = {isa = PBXFileReference; lastKnownFileType = file.storyboard; name = Base; path = Base.lproj/LaunchScreen.storyboard; sourceTree = "<group>"; };
		29AACACF2447F61F001CE1CC /* Info.plist */ = {isa = PBXFileReference; lastKnownFileType = text.plist.xml; path = Info.plist; sourceTree = "<group>"; };
/* End PBXFileReference section */

/* Begin PBXFrameworksBuildPhase section */
		29AACABB2447F61D001CE1CC /* Frameworks */ = {
			isa = PBXFrameworksBuildPhase;
			buildActionMask = 2147483647;
			files = (
				29FBB986244E6E5000380521 /* SwiftUIKit in Frameworks */,
			);
			runOnlyForDeploymentPostprocessing = 0;
		};
/* End PBXFrameworksBuildPhase section */

/* Begin PBXGroup section */
		29AACAB52447F61D001CE1CC = {
			isa = PBXGroup;
			children = (
				29AACAC02447F61D001CE1CC /* TableGrounds */,
				29AACABF2447F61D001CE1CC /* Products */,
			);
			sourceTree = "<group>";
		};
		29AACABF2447F61D001CE1CC /* Products */ = {
			isa = PBXGroup;
			children = (
				29AACABE2447F61D001CE1CC /* TableGrounds.app */,
			);
			name = Products;
			sourceTree = "<group>";
		};
		29AACAC02447F61D001CE1CC /* TableGrounds */ = {
			isa = PBXGroup;
			children = (
				29AACAC12447F61D001CE1CC /* AppDelegate.swift */,
				29AACAC32447F61D001CE1CC /* SceneDelegate.swift */,
				29AACAC52447F61D001CE1CC /* ViewController.swift */,
				29AACAC72447F61D001CE1CC /* Main.storyboard */,
				29AACACA2447F61F001CE1CC /* Assets.xcassets */,
				29AACACC2447F61F001CE1CC /* LaunchScreen.storyboard */,
				29AACACF2447F61F001CE1CC /* Info.plist */,
			);
			path = TableGrounds;
			sourceTree = "<group>";
		};
/* End PBXGroup section */

/* Begin PBXNativeTarget section */
		29AACABD2447F61D001CE1CC /* TableGrounds */ = {
			isa = PBXNativeTarget;
			buildConfigurationList = 29AACAD22447F61F001CE1CC /* Build configuration list for PBXNativeTarget "TableGrounds" */;
			buildPhases = (
				29AACABA2447F61D001CE1CC /* Sources */,
				29AACABB2447F61D001CE1CC /* Frameworks */,
				29AACABC2447F61D001CE1CC /* Resources */,
			);
			buildRules = (
			);
			dependencies = (
			);
			name = TableGrounds;
			packageProductDependencies = (
				29FBB985244E6E5000380521 /* SwiftUIKit */,
			);
			productName = TableGrounds;
			productReference = 29AACABE2447F61D001CE1CC /* TableGrounds.app */;
			productType = "com.apple.product-type.application";
		};
/* End PBXNativeTarget section */

/* Begin PBXProject section */
		29AACAB62447F61D001CE1CC /* Project object */ = {
			isa = PBXProject;
			attributes = {
				LastSwiftUpdateCheck = 1130;
				LastUpgradeCheck = 1130;
				ORGANIZATIONNAME = oneleif;
				TargetAttributes = {
					29AACABD2447F61D001CE1CC = {
						CreatedOnToolsVersion = 11.3.1;
					};
				};
			};
			buildConfigurationList = 29AACAB92447F61D001CE1CC /* Build configuration list for PBXProject "TableGrounds" */;
			compatibilityVersion = "Xcode 9.3";
			developmentRegion = en;
			hasScannedForEncodings = 0;
			knownRegions = (
				en,
				Base,
			);
			mainGroup = 29AACAB52447F61D001CE1CC;
			packageReferences = (
				29FBB984244E6E5000380521 /* XCRemoteSwiftPackageReference "SwiftUIKit" */,
			);
			productRefGroup = 29AACABF2447F61D001CE1CC /* Products */;
			projectDirPath = "";
			projectRoot = "";
			targets = (
				29AACABD2447F61D001CE1CC /* TableGrounds */,
			);
		};
/* End PBXProject section */

/* Begin PBXResourcesBuildPhase section */
		29AACABC2447F61D001CE1CC /* Resources */ = {
			isa = PBXResourcesBuildPhase;
			buildActionMask = 2147483647;
			files = (
				29AACACE2447F61F001CE1CC /* LaunchScreen.storyboard in Resources */,
				29AACACB2447F61F001CE1CC /* Assets.xcassets in Resources */,
				29AACAC92447F61D001CE1CC /* Main.storyboard in Resources */,
			);
			runOnlyForDeploymentPostprocessing = 0;
		};
/* End PBXResourcesBuildPhase section */

/* Begin PBXSourcesBuildPhase section */
		29AACABA2447F61D001CE1CC /* Sources */ = {
			isa = PBXSourcesBuildPhase;
			buildActionMask = 2147483647;
			files = (
				29AACAC62447F61D001CE1CC /* ViewController.swift in Sources */,
				29AACAC22447F61D001CE1CC /* AppDelegate.swift in Sources */,
				29AACAC42447F61D001CE1CC /* SceneDelegate.swift in Sources */,
			);
			runOnlyForDeploymentPostprocessing = 0;
		};
/* End PBXSourcesBuildPhase section */

/* Begin PBXVariantGroup section */
		29AACAC72447F61D001CE1CC /* Main.storyboard */ = {
			isa = PBXVariantGroup;
			children = (
				29AACAC82447F61D001CE1CC /* Base */,
			);
			name = Main.storyboard;
			sourceTree = "<group>";
		};
		29AACACC2447F61F001CE1CC /* LaunchScreen.storyboard */ = {
			isa = PBXVariantGroup;
			children = (
				29AACACD2447F61F001CE1CC /* Base */,
			);
			name = LaunchScreen.storyboard;
			sourceTree = "<group>";
		};
/* End PBXVariantGroup section */

/* Begin XCBuildConfiguration section */
		29AACAD02447F61F001CE1CC /* Debug */ = {
			isa = XCBuildConfiguration;
			buildSettings = {
				ALWAYS_SEARCH_USER_PATHS = NO;
				CLANG_ANALYZER_NONNULL = YES;
				CLANG_ANALYZER_NUMBER_OBJECT_CONVERSION = YES_AGGRESSIVE;
				CLANG_CXX_LANGUAGE_STANDARD = "gnu++14";
				CLANG_CXX_LIBRARY = "libc++";
				CLANG_ENABLE_MODULES = YES;
				CLANG_ENABLE_OBJC_ARC = YES;
				CLANG_ENABLE_OBJC_WEAK = YES;
				CLANG_WARN_BLOCK_CAPTURE_AUTORELEASING = YES;
				CLANG_WARN_BOOL_CONVERSION = YES;
				CLANG_WARN_COMMA = YES;
				CLANG_WARN_CONSTANT_CONVERSION = YES;
				CLANG_WARN_DEPRECATED_OBJC_IMPLEMENTATIONS = YES;
				CLANG_WARN_DIRECT_OBJC_ISA_USAGE = YES_ERROR;
				CLANG_WARN_DOCUMENTATION_COMMENTS = YES;
				CLANG_WARN_EMPTY_BODY = YES;
				CLANG_WARN_ENUM_CONVERSION = YES;
				CLANG_WARN_INFINITE_RECURSION = YES;
				CLANG_WARN_INT_CONVERSION = YES;
				CLANG_WARN_NON_LITERAL_NULL_CONVERSION = YES;
				CLANG_WARN_OBJC_IMPLICIT_RETAIN_SELF = YES;
				CLANG_WARN_OBJC_LITERAL_CONVERSION = YES;
				CLANG_WARN_OBJC_ROOT_CLASS = YES_ERROR;
				CLANG_WARN_RANGE_LOOP_ANALYSIS = YES;
				CLANG_WARN_STRICT_PROTOTYPES = YES;
				CLANG_WARN_SUSPICIOUS_MOVE = YES;
				CLANG_WARN_UNGUARDED_AVAILABILITY = YES_AGGRESSIVE;
				CLANG_WARN_UNREACHABLE_CODE = YES;
				CLANG_WARN__DUPLICATE_METHOD_MATCH = YES;
				COPY_PHASE_STRIP = NO;
				DEBUG_INFORMATION_FORMAT = dwarf;
				ENABLE_STRICT_OBJC_MSGSEND = YES;
				ENABLE_TESTABILITY = YES;
				GCC_C_LANGUAGE_STANDARD = gnu11;
				GCC_DYNAMIC_NO_PIC = NO;
				GCC_NO_COMMON_BLOCKS = YES;
				GCC_OPTIMIZATION_LEVEL = 0;
				GCC_PREPROCESSOR_DEFINITIONS = (
					"DEBUG=1",
					"$(inherited)",
				);
				GCC_WARN_64_TO_32_BIT_CONVERSION = YES;
				GCC_WARN_ABOUT_RETURN_TYPE = YES_ERROR;
				GCC_WARN_UNDECLARED_SELECTOR = YES;
				GCC_WARN_UNINITIALIZED_AUTOS = YES_AGGRESSIVE;
				GCC_WARN_UNUSED_FUNCTION = YES;
				GCC_WARN_UNUSED_VARIABLE = YES;
				IPHONEOS_DEPLOYMENT_TARGET = 13.2;
				MTL_ENABLE_DEBUG_INFO = INCLUDE_SOURCE;
				MTL_FAST_MATH = YES;
				ONLY_ACTIVE_ARCH = YES;
				SDKROOT = iphoneos;
				SWIFT_ACTIVE_COMPILATION_CONDITIONS = DEBUG;
				SWIFT_OPTIMIZATION_LEVEL = "-Onone";
			};
			name = Debug;
		};
		29AACAD12447F61F001CE1CC /* Release */ = {
			isa = XCBuildConfiguration;
			buildSettings = {
				ALWAYS_SEARCH_USER_PATHS = NO;
				CLANG_ANALYZER_NONNULL = YES;
				CLANG_ANALYZER_NUMBER_OBJECT_CONVERSION = YES_AGGRESSIVE;
				CLANG_CXX_LANGUAGE_STANDARD = "gnu++14";
				CLANG_CXX_LIBRARY = "libc++";
				CLANG_ENABLE_MODULES = YES;
				CLANG_ENABLE_OBJC_ARC = YES;
				CLANG_ENABLE_OBJC_WEAK = YES;
				CLANG_WARN_BLOCK_CAPTURE_AUTORELEASING = YES;
				CLANG_WARN_BOOL_CONVERSION = YES;
				CLANG_WARN_COMMA = YES;
				CLANG_WARN_CONSTANT_CONVERSION = YES;
				CLANG_WARN_DEPRECATED_OBJC_IMPLEMENTATIONS = YES;
				CLANG_WARN_DIRECT_OBJC_ISA_USAGE = YES_ERROR;
				CLANG_WARN_DOCUMENTATION_COMMENTS = YES;
				CLANG_WARN_EMPTY_BODY = YES;
				CLANG_WARN_ENUM_CONVERSION = YES;
				CLANG_WARN_INFINITE_RECURSION = YES;
				CLANG_WARN_INT_CONVERSION = YES;
				CLANG_WARN_NON_LITERAL_NULL_CONVERSION = YES;
				CLANG_WARN_OBJC_IMPLICIT_RETAIN_SELF = YES;
				CLANG_WARN_OBJC_LITERAL_CONVERSION = YES;
				CLANG_WARN_OBJC_ROOT_CLASS = YES_ERROR;
				CLANG_WARN_RANGE_LOOP_ANALYSIS = YES;
				CLANG_WARN_STRICT_PROTOTYPES = YES;
				CLANG_WARN_SUSPICIOUS_MOVE = YES;
				CLANG_WARN_UNGUARDED_AVAILABILITY = YES_AGGRESSIVE;
				CLANG_WARN_UNREACHABLE_CODE = YES;
				CLANG_WARN__DUPLICATE_METHOD_MATCH = YES;
				COPY_PHASE_STRIP = NO;
				DEBUG_INFORMATION_FORMAT = "dwarf-with-dsym";
				ENABLE_NS_ASSERTIONS = NO;
				ENABLE_STRICT_OBJC_MSGSEND = YES;
				GCC_C_LANGUAGE_STANDARD = gnu11;
				GCC_NO_COMMON_BLOCKS = YES;
				GCC_WARN_64_TO_32_BIT_CONVERSION = YES;
				GCC_WARN_ABOUT_RETURN_TYPE = YES_ERROR;
				GCC_WARN_UNDECLARED_SELECTOR = YES;
				GCC_WARN_UNINITIALIZED_AUTOS = YES_AGGRESSIVE;
				GCC_WARN_UNUSED_FUNCTION = YES;
				GCC_WARN_UNUSED_VARIABLE = YES;
				IPHONEOS_DEPLOYMENT_TARGET = 13.2;
				MTL_ENABLE_DEBUG_INFO = NO;
				MTL_FAST_MATH = YES;
				SDKROOT = iphoneos;
				SWIFT_COMPILATION_MODE = wholemodule;
				SWIFT_OPTIMIZATION_LEVEL = "-O";
				VALIDATE_PRODUCT = YES;
			};
			name = Release;
		};
		29AACAD32447F61F001CE1CC /* Debug */ = {
			isa = XCBuildConfiguration;
			buildSettings = {
				ASSETCATALOG_COMPILER_APPICON_NAME = AppIcon;
				CODE_SIGN_STYLE = Automatic;
				DEVELOPMENT_TEAM = 8M8SAX62V2;
				INFOPLIST_FILE = TableGrounds/Info.plist;
				LD_RUNPATH_SEARCH_PATHS = (
					"$(inherited)",
					"@executable_path/Frameworks",
				);
				PRODUCT_BUNDLE_IDENTIFIER = ol.TableGrounds;
				PRODUCT_NAME = "$(TARGET_NAME)";
				SWIFT_VERSION = 5.0;
				TARGETED_DEVICE_FAMILY = "1,2";
			};
			name = Debug;
		};
		29AACAD42447F61F001CE1CC /* Release */ = {
			isa = XCBuildConfiguration;
			buildSettings = {
				ASSETCATALOG_COMPILER_APPICON_NAME = AppIcon;
				CODE_SIGN_STYLE = Automatic;
				DEVELOPMENT_TEAM = 8M8SAX62V2;
				INFOPLIST_FILE = TableGrounds/Info.plist;
				LD_RUNPATH_SEARCH_PATHS = (
					"$(inherited)",
					"@executable_path/Frameworks",
				);
				PRODUCT_BUNDLE_IDENTIFIER = ol.TableGrounds;
				PRODUCT_NAME = "$(TARGET_NAME)";
				SWIFT_VERSION = 5.0;
				TARGETED_DEVICE_FAMILY = "1,2";
			};
			name = Release;
		};
/* End XCBuildConfiguration section */

/* Begin XCConfigurationList section */
		29AACAB92447F61D001CE1CC /* Build configuration list for PBXProject "TableGrounds" */ = {
			isa = XCConfigurationList;
			buildConfigurations = (
				29AACAD02447F61F001CE1CC /* Debug */,
				29AACAD12447F61F001CE1CC /* Release */,
			);
			defaultConfigurationIsVisible = 0;
			defaultConfigurationName = Release;
		};
		29AACAD22447F61F001CE1CC /* Build configuration list for PBXNativeTarget "TableGrounds" */ = {
			isa = XCConfigurationList;
			buildConfigurations = (
				29AACAD32447F61F001CE1CC /* Debug */,
				29AACAD42447F61F001CE1CC /* Release */,
			);
			defaultConfigurationIsVisible = 0;
			defaultConfigurationName = Release;
		};
/* End XCConfigurationList section */

/* Begin XCRemoteSwiftPackageReference section */
		29FBB984244E6E5000380521 /* XCRemoteSwiftPackageReference "SwiftUIKit" */ = {
			isa = XCRemoteSwiftPackageReference;
			repositoryURL = "https://github.com/0xLeif/SwiftUIKit";
			requirement = {
				branch = feature/tableViewDataSourceMethods;
				kind = branch;
			};
		};
/* End XCRemoteSwiftPackageReference section */

/* Begin XCSwiftPackageProductDependency section */
		29FBB985244E6E5000380521 /* SwiftUIKit */ = {
			isa = XCSwiftPackageProductDependency;
			package = 29FBB984244E6E5000380521 /* XCRemoteSwiftPackageReference "SwiftUIKit" */;
			productName = SwiftUIKit;
		};
/* End XCSwiftPackageProductDependency section */
	};
	rootObject = 29AACAB62447F61D001CE1CC /* Project object */;
}
